
Microsoft Visual Studio Solution File, Format Version 12.00
# Visual Studio Version 17
VisualStudioVersion = 17.1.32228.430
MinimumVisualStudioVersion = 10.0.40219.1
Project("{8BC9CEB8-8B4A-11D0-8D11-00A0C91BC942}") = "lighting_5.2_caster_point", "lighting_5.2_caster_point\lighting_5.2_caster_point.vcxproj", "{99A962C3-81D2-4084-A219-37A4FDD98611}"
EndProject
Global
	GlobalSection(SolutionConfigurationPlatforms) = preSolution
		Debug|x64 = Debug|x64
		Debug|x86 = Debug|x86
		Release|x64 = Release|x64
		Release|x86 = Release|x86
	EndGlobalSection
	GlobalSection(ProjectConfigurationPlatforms) = postSolution
		{99A962C3-81D2-4084-A219-37A4FDD98611}.Debug|x64.ActiveCfg = Debug|x64
		{99A962C3-81D2-4084-A219-37A4FDD98611}.Debug|x64.Build.0 = Debug|x64
		{99A962C3-81D2-4084-A219-37A4FDD98611}.Debug|x86.ActiveCfg = Debug|Win32
		{99A962C3-81D2-4084-A219-37A4FDD98611}.Debug|x86.Build.0 = Debug|Win32
		{99A962C3-81D2-4084-A219-37A4FDD98611}.Release|x64.ActiveCfg = Release|x64
		{99A962C3-81D2-4084-A219-37A4FDD98611}.Release|x64.Build.0 = Release|x64
		{99A962C3-81D2-4084-A219-37A4FDD98611}.Release|x86.ActiveCfg = Release|Win32
		{99A962C3-81D2-4084-A219-37A4FDD98611}.Release|x86.Build.0 = Release|Win32
	EndGlobalSection
	GlobalSection(SolutionProperties) = preSolution
		HideSolutionNode = FALSE
	EndGlobalSection
	GlobalSection(ExtensibilityGlobals) = postSolution
		SolutionGuid = {428C6F32-6E0B-4A24-B955-AEFEC2A0CD76}
	EndGlobalSection
EndGlobal
