
Microsoft Visual Studio Solution File, Format Version 12.00
# Visual Studio Version 17
VisualStudioVersion = 17.1.32228.430
MinimumVisualStudioVersion = 10.0.40219.1
Project("{8BC9CEB8-8B4A-11D0-8D11-00A0C91BC942}") = "cubemaps_skybox", "cubemaps_skybox\cubemaps_skybox.vcxproj", "{2732C354-0C11-4705-941A-8838F0D91D9A}"
EndProject
Global
	GlobalSection(SolutionConfigurationPlatforms) = preSolution
		Debug|x64 = Debug|x64
		Debug|x86 = Debug|x86
		Release|x64 = Release|x64
		Release|x86 = Release|x86
	EndGlobalSection
	GlobalSection(ProjectConfigurationPlatforms) = postSolution
		{2732C354-0C11-4705-941A-8838F0D91D9A}.Debug|x64.ActiveCfg = Debug|x64
		{2732C354-0C11-4705-941A-8838F0D91D9A}.Debug|x64.Build.0 = Debug|x64
		{2732C354-0C11-4705-941A-8838F0D91D9A}.Debug|x86.ActiveCfg = Debug|Win32
		{2732C354-0C11-4705-941A-8838F0D91D9A}.Debug|x86.Build.0 = Debug|Win32
		{2732C354-0C11-4705-941A-8838F0D91D9A}.Release|x64.ActiveCfg = Release|x64
		{2732C354-0C11-4705-941A-8838F0D91D9A}.Release|x64.Build.0 = Release|x64
		{2732C354-0C11-4705-941A-8838F0D91D9A}.Release|x86.ActiveCfg = Release|Win32
		{2732C354-0C11-4705-941A-8838F0D91D9A}.Release|x86.Build.0 = Release|Win32
	EndGlobalSection
	GlobalSection(SolutionProperties) = preSolution
		HideSolutionNode = FALSE
	EndGlobalSection
	GlobalSection(ExtensibilityGlobals) = postSolution
		SolutionGuid = {EA352B46-21DF-4EA1-9E5E-B69A6F169A83}
	EndGlobalSection
EndGlobal
